
Microsoft Visual Studio Solution File, Format Version 12.00
# Visual Studio Version 16
VisualStudioVersion = 16.0.31702.278
MinimumVisualStudioVersion = 10.0.40219.1
Project("{FAE04EC0-301F-11D3-BF4B-00C04F79EFBC}") = "Practicacancion", "Practicacancion\Practicacancion.csproj", "{92140226-CAFD-4A66-AF94-FC320CA03C22}"
EndProject
Global
	GlobalSection(SolutionConfigurationPlatforms) = preSolution
		Debug|Any CPU = Debug|Any CPU
		Release|Any CPU = Release|Any CPU
	EndGlobalSection
	GlobalSection(ProjectConfigurationPlatforms) = postSolution
		{92140226-CAFD-4A66-AF94-FC320CA03C22}.Debug|Any CPU.ActiveCfg = Debug|Any CPU
		{92140226-CAFD-4A66-AF94-FC320CA03C22}.Debug|Any CPU.Build.0 = Debug|Any CPU
		{92140226-CAFD-4A66-AF94-FC320CA03C22}.Release|Any CPU.ActiveCfg = Release|Any CPU
		{92140226-CAFD-4A66-AF94-FC320CA03C22}.Release|Any CPU.Build.0 = Release|Any CPU
	EndGlobalSection
	GlobalSection(SolutionProperties) = preSolution
		HideSolutionNode = FALSE
	EndGlobalSection
	GlobalSection(ExtensibilityGlobals) = postSolution
		SolutionGuid = {08930FBC-61DF-4012-83D9-8D25E69E08EC}
	EndGlobalSection
EndGlobal
